
Microsoft Visual Studio Solution File, Format Version 12.00
# Visual Studio 15
VisualStudioVersion = 15.0.27703.2042
MinimumVisualStudioVersion = 10.0.40219.1
Project("{FAE04EC0-301F-11D3-BF4B-00C04F79EFBC}") = "PostForm", "PostForm\PostForm.csproj", "{4AD9FF4F-8258-40C0-AF61-66DA8A879CD2}"
EndProject
Global
	GlobalSection(SolutionConfigurationPlatforms) = preSolution
		Debug|Any CPU = Debug|Any CPU
		Release|Any CPU = Release|Any CPU
	EndGlobalSection
	GlobalSection(ProjectConfigurationPlatforms) = postSolution
		{4AD9FF4F-8258-40C0-AF61-66DA8A879CD2}.Debug|Any CPU.ActiveCfg = Debug|Any CPU
		{4AD9FF4F-8258-40C0-AF61-66DA8A879CD2}.Debug|Any CPU.Build.0 = Debug|Any CPU
		{4AD9FF4F-8258-40C0-AF61-66DA8A879CD2}.Release|Any CPU.ActiveCfg = Release|Any CPU
		{4AD9FF4F-8258-40C0-AF61-66DA8A879CD2}.Release|Any CPU.Build.0 = Release|Any CPU
	EndGlobalSection
	GlobalSection(SolutionProperties) = preSolution
		HideSolutionNode = FALSE
	EndGlobalSection
	GlobalSection(ExtensibilityGlobals) = postSolution
		SolutionGuid = {3DE0AED9-0680-4C0C-B99E-5C8862C9118F}
	EndGlobalSection
EndGlobal
