
Microsoft Visual Studio Solution File, Format Version 11.00
# Visual Studio 2010
Project("{FAE04EC0-301F-11D3-BF4B-00C04F79EFBC}") = "Test", "Test\Test.csproj", "{AC5E251C-FEBE-4D89-9296-042CF50FFFCC}"
	ProjectSection(ProjectDependencies) = postProject
		{8267EE55-6F55-43A3-BB91-A66CE1BEE8E4} = {8267EE55-6F55-43A3-BB91-A66CE1BEE8E4}
		{9B70A5F2-3B34-4E1B-A3C9-811DA957A87D} = {9B70A5F2-3B34-4E1B-A3C9-811DA957A87D}
	EndProjectSection
EndProject
Project("{2150E333-8FDC-42A3-9474-1A3956D46DE8}") = "Customer", "Customer", "{3B4A12FD-5494-4AC7-88B3-523FE74BCAFE}"
EndProject
Project("{2150E333-8FDC-42A3-9474-1A3956D46DE8}") = "Order", "Order", "{0CB5AA9A-CB68-44A8-9098-6F732A3B59E8}"
EndProject
Project("{FAE04EC0-301F-11D3-BF4B-00C04F79EFBC}") = "Customer.Domain", "Customer\Customer.Domain\Customer.Domain.csproj", "{BDF27CE8-9FC1-448F-828D-177E945E2938}"
EndProject
Project("{FAE04EC0-301F-11D3-BF4B-00C04F79EFBC}") = "Customer.Dao", "Customer\Customer.Dao\Customer.Dao.csproj", "{EF473E21-10BC-49B8-8AC3-71F8367E9422}"
EndProject
Project("{FAE04EC0-301F-11D3-BF4B-00C04F79EFBC}") = "Customer.Service", "Customer\Customer.Service\Customer.Service.csproj", "{4FCE02CC-FC9B-4E4E-A1B4-35A7BCC27C67}"
EndProject
Project("{FAE04EC0-301F-11D3-BF4B-00C04F79EFBC}") = "Order.Domain", "Order\Order.Domain\Order.Domain.csproj", "{C8583C07-4497-4692-AEC0-D05DC34F6CE9}"
EndProject
Project("{FAE04EC0-301F-11D3-BF4B-00C04F79EFBC}") = "Order.Dao", "Order\Order.Dao\Order.Dao.csproj", "{92371C2D-9583-46D3-BA5C-D07B3E18487D}"
EndProject
Project("{FAE04EC0-301F-11D3-BF4B-00C04F79EFBC}") = "Order.Service", "Order\Order.Service\Order.Service.csproj", "{9FD466C3-A712-4EAE-A5C4-1E84F5E3AEF6}"
EndProject
Project("{FAE04EC0-301F-11D3-BF4B-00C04F79EFBC}") = "Customer.Host", "Customer\Customer.Host\Customer.Host.csproj", "{8267EE55-6F55-43A3-BB91-A66CE1BEE8E4}"
EndProject
Project("{FAE04EC0-301F-11D3-BF4B-00C04F79EFBC}") = "Order.Host", "Order\Order.Host\Order.Host.csproj", "{9B70A5F2-3B34-4E1B-A3C9-811DA957A87D}"
EndProject
Project("{2150E333-8FDC-42A3-9474-1A3956D46DE8}") = "Product", "Product", "{CDF7BC79-305F-4DC3-8A8B-3261CF7541E7}"
EndProject
Project("{FAE04EC0-301F-11D3-BF4B-00C04F79EFBC}") = "Product.Dao", "Product\Product.Dao\Product.Dao.csproj", "{3FBD1EC5-FDC0-494D-BFB7-0ABD544A9BCA}"
EndProject
Project("{FAE04EC0-301F-11D3-BF4B-00C04F79EFBC}") = "Product.Domain", "Product\Product.Domain\Product.Domain.csproj", "{16D210FE-422A-4D0A-98CB-0D9DCDFAD31F}"
EndProject
Project("{FAE04EC0-301F-11D3-BF4B-00C04F79EFBC}") = "Product.Service", "Product\Product.Service\Product.Service.csproj", "{23E3383F-0C74-4B5A-9D31-A38C6FB4578D}"
	ProjectSection(ProjectDependencies) = postProject
		{8267EE55-6F55-43A3-BB91-A66CE1BEE8E4} = {8267EE55-6F55-43A3-BB91-A66CE1BEE8E4}
		{9B70A5F2-3B34-4E1B-A3C9-811DA957A87D} = {9B70A5F2-3B34-4E1B-A3C9-811DA957A87D}
	EndProjectSection
EndProject
Project("{FAE04EC0-301F-11D3-BF4B-00C04F79EFBC}") = "Product2.Dao", "Product2.Dao\Product2.Dao.csproj", "{98470703-3DF7-431D-A827-EFA83794764F}"
EndProject
Project("{FAE04EC0-301F-11D3-BF4B-00C04F79EFBC}") = "Product2.Domain", "Product2.Domain\Product2.Domain.csproj", "{ED78EF92-A9B6-4FDA-BB9D-0535372C11AC}"
EndProject
Project("{FAE04EC0-301F-11D3-BF4B-00C04F79EFBC}") = "WebTest", "WebTest\WebTest.csproj", "{FF672BCF-5DF2-48A2-9B06-CBC58FBCAF4C}"
EndProject
Global
	GlobalSection(SolutionConfigurationPlatforms) = preSolution
		Debug|Any CPU = Debug|Any CPU
		Release|Any CPU = Release|Any CPU
	EndGlobalSection
	GlobalSection(ProjectConfigurationPlatforms) = postSolution
		{AC5E251C-FEBE-4D89-9296-042CF50FFFCC}.Debug|Any CPU.ActiveCfg = Debug|Any CPU
		{AC5E251C-FEBE-4D89-9296-042CF50FFFCC}.Debug|Any CPU.Build.0 = Debug|Any CPU
		{AC5E251C-FEBE-4D89-9296-042CF50FFFCC}.Release|Any CPU.ActiveCfg = Release|Any CPU
		{AC5E251C-FEBE-4D89-9296-042CF50FFFCC}.Release|Any CPU.Build.0 = Release|Any CPU
		{BDF27CE8-9FC1-448F-828D-177E945E2938}.Debug|Any CPU.ActiveCfg = Debug|Any CPU
		{BDF27CE8-9FC1-448F-828D-177E945E2938}.Debug|Any CPU.Build.0 = Debug|Any CPU
		{BDF27CE8-9FC1-448F-828D-177E945E2938}.Release|Any CPU.ActiveCfg = Release|Any CPU
		{BDF27CE8-9FC1-448F-828D-177E945E2938}.Release|Any CPU.Build.0 = Release|Any CPU
		{EF473E21-10BC-49B8-8AC3-71F8367E9422}.Debug|Any CPU.ActiveCfg = Debug|Any CPU
		{EF473E21-10BC-49B8-8AC3-71F8367E9422}.Debug|Any CPU.Build.0 = Debug|Any CPU
		{EF473E21-10BC-49B8-8AC3-71F8367E9422}.Release|Any CPU.ActiveCfg = Release|Any CPU
		{EF473E21-10BC-49B8-8AC3-71F8367E9422}.Release|Any CPU.Build.0 = Release|Any CPU
		{4FCE02CC-FC9B-4E4E-A1B4-35A7BCC27C67}.Debug|Any CPU.ActiveCfg = Debug|Any CPU
		{4FCE02CC-FC9B-4E4E-A1B4-35A7BCC27C67}.Debug|Any CPU.Build.0 = Debug|Any CPU
		{4FCE02CC-FC9B-4E4E-A1B4-35A7BCC27C67}.Release|Any CPU.ActiveCfg = Release|Any CPU
		{4FCE02CC-FC9B-4E4E-A1B4-35A7BCC27C67}.Release|Any CPU.Build.0 = Release|Any CPU
		{C8583C07-4497-4692-AEC0-D05DC34F6CE9}.Debug|Any CPU.ActiveCfg = Debug|Any CPU
		{C8583C07-4497-4692-AEC0-D05DC34F6CE9}.Debug|Any CPU.Build.0 = Debug|Any CPU
		{C8583C07-4497-4692-AEC0-D05DC34F6CE9}.Release|Any CPU.ActiveCfg = Release|Any CPU
		{C8583C07-4497-4692-AEC0-D05DC34F6CE9}.Release|Any CPU.Build.0 = Release|Any CPU
		{92371C2D-9583-46D3-BA5C-D07B3E18487D}.Debug|Any CPU.ActiveCfg = Debug|Any CPU
		{92371C2D-9583-46D3-BA5C-D07B3E18487D}.Debug|Any CPU.Build.0 = Debug|Any CPU
		{92371C2D-9583-46D3-BA5C-D07B3E18487D}.Release|Any CPU.ActiveCfg = Release|Any CPU
		{92371C2D-9583-46D3-BA5C-D07B3E18487D}.Release|Any CPU.Build.0 = Release|Any CPU
		{9FD466C3-A712-4EAE-A5C4-1E84F5E3AEF6}.Debug|Any CPU.ActiveCfg = Debug|Any CPU
		{9FD466C3-A712-4EAE-A5C4-1E84F5E3AEF6}.Debug|Any CPU.Build.0 = Debug|Any CPU
		{9FD466C3-A712-4EAE-A5C4-1E84F5E3AEF6}.Release|Any CPU.ActiveCfg = Release|Any CPU
		{9FD466C3-A712-4EAE-A5C4-1E84F5E3AEF6}.Release|Any CPU.Build.0 = Release|Any CPU
		{8267EE55-6F55-43A3-BB91-A66CE1BEE8E4}.Debug|Any CPU.ActiveCfg = Debug|Any CPU
		{8267EE55-6F55-43A3-BB91-A66CE1BEE8E4}.Debug|Any CPU.Build.0 = Debug|Any CPU
		{8267EE55-6F55-43A3-BB91-A66CE1BEE8E4}.Release|Any CPU.ActiveCfg = Release|Any CPU
		{8267EE55-6F55-43A3-BB91-A66CE1BEE8E4}.Release|Any CPU.Build.0 = Release|Any CPU
		{9B70A5F2-3B34-4E1B-A3C9-811DA957A87D}.Debug|Any CPU.ActiveCfg = Debug|Any CPU
		{9B70A5F2-3B34-4E1B-A3C9-811DA957A87D}.Debug|Any CPU.Build.0 = Debug|Any CPU
		{9B70A5F2-3B34-4E1B-A3C9-811DA957A87D}.Release|Any CPU.ActiveCfg = Release|Any CPU
		{9B70A5F2-3B34-4E1B-A3C9-811DA957A87D}.Release|Any CPU.Build.0 = Release|Any CPU
		{3FBD1EC5-FDC0-494D-BFB7-0ABD544A9BCA}.Debug|Any CPU.ActiveCfg = Debug|Any CPU
		{3FBD1EC5-FDC0-494D-BFB7-0ABD544A9BCA}.Debug|Any CPU.Build.0 = Debug|Any CPU
		{3FBD1EC5-FDC0-494D-BFB7-0ABD544A9BCA}.Release|Any CPU.ActiveCfg = Release|Any CPU
		{3FBD1EC5-FDC0-494D-BFB7-0ABD544A9BCA}.Release|Any CPU.Build.0 = Release|Any CPU
		{16D210FE-422A-4D0A-98CB-0D9DCDFAD31F}.Debug|Any CPU.ActiveCfg = Debug|Any CPU
		{16D210FE-422A-4D0A-98CB-0D9DCDFAD31F}.Debug|Any CPU.Build.0 = Debug|Any CPU
		{16D210FE-422A-4D0A-98CB-0D9DCDFAD31F}.Release|Any CPU.ActiveCfg = Release|Any CPU
		{16D210FE-422A-4D0A-98CB-0D9DCDFAD31F}.Release|Any CPU.Build.0 = Release|Any CPU
		{23E3383F-0C74-4B5A-9D31-A38C6FB4578D}.Debug|Any CPU.ActiveCfg = Debug|Any CPU
		{23E3383F-0C74-4B5A-9D31-A38C6FB4578D}.Debug|Any CPU.Build.0 = Debug|Any CPU
		{23E3383F-0C74-4B5A-9D31-A38C6FB4578D}.Release|Any CPU.ActiveCfg = Release|Any CPU
		{23E3383F-0C74-4B5A-9D31-A38C6FB4578D}.Release|Any CPU.Build.0 = Release|Any CPU
		{98470703-3DF7-431D-A827-EFA83794764F}.Debug|Any CPU.ActiveCfg = Debug|Any CPU
		{98470703-3DF7-431D-A827-EFA83794764F}.Debug|Any CPU.Build.0 = Debug|Any CPU
		{98470703-3DF7-431D-A827-EFA83794764F}.Release|Any CPU.ActiveCfg = Release|Any CPU
		{98470703-3DF7-431D-A827-EFA83794764F}.Release|Any CPU.Build.0 = Release|Any CPU
		{ED78EF92-A9B6-4FDA-BB9D-0535372C11AC}.Debug|Any CPU.ActiveCfg = Debug|Any CPU
		{ED78EF92-A9B6-4FDA-BB9D-0535372C11AC}.Debug|Any CPU.Build.0 = Debug|Any CPU
		{ED78EF92-A9B6-4FDA-BB9D-0535372C11AC}.Release|Any CPU.ActiveCfg = Release|Any CPU
		{ED78EF92-A9B6-4FDA-BB9D-0535372C11AC}.Release|Any CPU.Build.0 = Release|Any CPU
		{FF672BCF-5DF2-48A2-9B06-CBC58FBCAF4C}.Debug|Any CPU.ActiveCfg = Debug|Any CPU
		{FF672BCF-5DF2-48A2-9B06-CBC58FBCAF4C}.Debug|Any CPU.Build.0 = Debug|Any CPU
		{FF672BCF-5DF2-48A2-9B06-CBC58FBCAF4C}.Release|Any CPU.ActiveCfg = Release|Any CPU
		{FF672BCF-5DF2-48A2-9B06-CBC58FBCAF4C}.Release|Any CPU.Build.0 = Release|Any CPU
	EndGlobalSection
	GlobalSection(SolutionProperties) = preSolution
		HideSolutionNode = FALSE
	EndGlobalSection
	GlobalSection(NestedProjects) = preSolution
		{BDF27CE8-9FC1-448F-828D-177E945E2938} = {3B4A12FD-5494-4AC7-88B3-523FE74BCAFE}
		{EF473E21-10BC-49B8-8AC3-71F8367E9422} = {3B4A12FD-5494-4AC7-88B3-523FE74BCAFE}
		{4FCE02CC-FC9B-4E4E-A1B4-35A7BCC27C67} = {3B4A12FD-5494-4AC7-88B3-523FE74BCAFE}
		{8267EE55-6F55-43A3-BB91-A66CE1BEE8E4} = {3B4A12FD-5494-4AC7-88B3-523FE74BCAFE}
		{C8583C07-4497-4692-AEC0-D05DC34F6CE9} = {0CB5AA9A-CB68-44A8-9098-6F732A3B59E8}
		{92371C2D-9583-46D3-BA5C-D07B3E18487D} = {0CB5AA9A-CB68-44A8-9098-6F732A3B59E8}
		{9FD466C3-A712-4EAE-A5C4-1E84F5E3AEF6} = {0CB5AA9A-CB68-44A8-9098-6F732A3B59E8}
		{9B70A5F2-3B34-4E1B-A3C9-811DA957A87D} = {0CB5AA9A-CB68-44A8-9098-6F732A3B59E8}
		{3FBD1EC5-FDC0-494D-BFB7-0ABD544A9BCA} = {CDF7BC79-305F-4DC3-8A8B-3261CF7541E7}
		{16D210FE-422A-4D0A-98CB-0D9DCDFAD31F} = {CDF7BC79-305F-4DC3-8A8B-3261CF7541E7}
		{23E3383F-0C74-4B5A-9D31-A38C6FB4578D} = {CDF7BC79-305F-4DC3-8A8B-3261CF7541E7}
		{98470703-3DF7-431D-A827-EFA83794764F} = {CDF7BC79-305F-4DC3-8A8B-3261CF7541E7}
		{ED78EF92-A9B6-4FDA-BB9D-0535372C11AC} = {CDF7BC79-305F-4DC3-8A8B-3261CF7541E7}
	EndGlobalSection
EndGlobal
