
Microsoft Visual Studio Solution File, Format Version 11.00
# Visual Studio 2010
Project("{FAE04EC0-301F-11D3-BF4B-00C04F79EFBC}") = "TestDynamicAX.AX", "TestDynamicAX.AX\TestDynamicAX.AX.csproj", "{574649A6-E0A0-43C4-98D8-57E7546612D4}"
EndProject
Project("{FAE04EC0-301F-11D3-BF4B-00C04F79EFBC}") = "TestDynamicAX.IDynamic", "TestDynamicAX.IDynamic\TestDynamicAX.IDynamic.csproj", "{3BECF836-6615-4357-B617-27FC40836954}"
EndProject
Project("{FAE04EC0-301F-11D3-BF4B-00C04F79EFBC}") = "TestDynamicAX.DynamicProcess", "TestDynamicAX.DynamicProcess\TestDynamicAX.DynamicProcess.csproj", "{35FBD4F7-13D0-4ACA-ACC3-E632AAE321BE}"
EndProject
Project("{FAE04EC0-301F-11D3-BF4B-00C04F79EFBC}") = "TestDynamicAX.AX.ConsoleTest", "TestDynamicAX.AX.ConsoleTest\TestDynamicAX.AX.ConsoleTest.csproj", "{A97EFBEB-FB81-4BCD-AD4A-A871B2E6DB29}"
EndProject
Project("{FAE04EC0-301F-11D3-BF4B-00C04F79EFBC}") = "TestDynamicAX.DynamicFileList", "TestDynamicAX.DynamicFileList\TestDynamicAX.DynamicFileList.csproj", "{31A539E9-9554-4DE8-8502-9205AFE8173D}"
EndProject
Project("{FAE04EC0-301F-11D3-BF4B-00C04F79EFBC}") = "TestDynamicAX.AX.WebTest", "TestDynamicAX.AX.WebTest\TestDynamicAX.AX.WebTest.csproj", "{06D04409-3BDD-42FF-8EF2-FA76BF9F7DAD}"
EndProject
Global
	GlobalSection(SolutionConfigurationPlatforms) = preSolution
		Debug|Any CPU = Debug|Any CPU
		Debug|Mixed Platforms = Debug|Mixed Platforms
		Debug|x86 = Debug|x86
		Release|Any CPU = Release|Any CPU
		Release|Mixed Platforms = Release|Mixed Platforms
		Release|x86 = Release|x86
	EndGlobalSection
	GlobalSection(ProjectConfigurationPlatforms) = postSolution
		{574649A6-E0A0-43C4-98D8-57E7546612D4}.Debug|Any CPU.ActiveCfg = Debug|Any CPU
		{574649A6-E0A0-43C4-98D8-57E7546612D4}.Debug|Any CPU.Build.0 = Debug|Any CPU
		{574649A6-E0A0-43C4-98D8-57E7546612D4}.Debug|Mixed Platforms.ActiveCfg = Debug|Any CPU
		{574649A6-E0A0-43C4-98D8-57E7546612D4}.Debug|Mixed Platforms.Build.0 = Debug|Any CPU
		{574649A6-E0A0-43C4-98D8-57E7546612D4}.Debug|x86.ActiveCfg = Debug|Any CPU
		{574649A6-E0A0-43C4-98D8-57E7546612D4}.Release|Any CPU.ActiveCfg = Release|Any CPU
		{574649A6-E0A0-43C4-98D8-57E7546612D4}.Release|Any CPU.Build.0 = Release|Any CPU
		{574649A6-E0A0-43C4-98D8-57E7546612D4}.Release|Mixed Platforms.ActiveCfg = Release|Any CPU
		{574649A6-E0A0-43C4-98D8-57E7546612D4}.Release|Mixed Platforms.Build.0 = Release|Any CPU
		{574649A6-E0A0-43C4-98D8-57E7546612D4}.Release|x86.ActiveCfg = Release|Any CPU
		{3BECF836-6615-4357-B617-27FC40836954}.Debug|Any CPU.ActiveCfg = Debug|Any CPU
		{3BECF836-6615-4357-B617-27FC40836954}.Debug|Any CPU.Build.0 = Debug|Any CPU
		{3BECF836-6615-4357-B617-27FC40836954}.Debug|Mixed Platforms.ActiveCfg = Debug|Any CPU
		{3BECF836-6615-4357-B617-27FC40836954}.Debug|Mixed Platforms.Build.0 = Debug|Any CPU
		{3BECF836-6615-4357-B617-27FC40836954}.Debug|x86.ActiveCfg = Debug|Any CPU
		{3BECF836-6615-4357-B617-27FC40836954}.Release|Any CPU.ActiveCfg = Release|Any CPU
		{3BECF836-6615-4357-B617-27FC40836954}.Release|Any CPU.Build.0 = Release|Any CPU
		{3BECF836-6615-4357-B617-27FC40836954}.Release|Mixed Platforms.ActiveCfg = Release|Any CPU
		{3BECF836-6615-4357-B617-27FC40836954}.Release|Mixed Platforms.Build.0 = Release|Any CPU
		{3BECF836-6615-4357-B617-27FC40836954}.Release|x86.ActiveCfg = Release|Any CPU
		{35FBD4F7-13D0-4ACA-ACC3-E632AAE321BE}.Debug|Any CPU.ActiveCfg = Debug|Any CPU
		{35FBD4F7-13D0-4ACA-ACC3-E632AAE321BE}.Debug|Any CPU.Build.0 = Debug|Any CPU
		{35FBD4F7-13D0-4ACA-ACC3-E632AAE321BE}.Debug|Mixed Platforms.ActiveCfg = Debug|Any CPU
		{35FBD4F7-13D0-4ACA-ACC3-E632AAE321BE}.Debug|Mixed Platforms.Build.0 = Debug|Any CPU
		{35FBD4F7-13D0-4ACA-ACC3-E632AAE321BE}.Debug|x86.ActiveCfg = Debug|Any CPU
		{35FBD4F7-13D0-4ACA-ACC3-E632AAE321BE}.Release|Any CPU.ActiveCfg = Release|Any CPU
		{35FBD4F7-13D0-4ACA-ACC3-E632AAE321BE}.Release|Any CPU.Build.0 = Release|Any CPU
		{35FBD4F7-13D0-4ACA-ACC3-E632AAE321BE}.Release|Mixed Platforms.ActiveCfg = Release|Any CPU
		{35FBD4F7-13D0-4ACA-ACC3-E632AAE321BE}.Release|Mixed Platforms.Build.0 = Release|Any CPU
		{35FBD4F7-13D0-4ACA-ACC3-E632AAE321BE}.Release|x86.ActiveCfg = Release|Any CPU
		{A97EFBEB-FB81-4BCD-AD4A-A871B2E6DB29}.Debug|Any CPU.ActiveCfg = Debug|x86
		{A97EFBEB-FB81-4BCD-AD4A-A871B2E6DB29}.Debug|Mixed Platforms.ActiveCfg = Debug|x86
		{A97EFBEB-FB81-4BCD-AD4A-A871B2E6DB29}.Debug|Mixed Platforms.Build.0 = Debug|x86
		{A97EFBEB-FB81-4BCD-AD4A-A871B2E6DB29}.Debug|x86.ActiveCfg = Debug|x86
		{A97EFBEB-FB81-4BCD-AD4A-A871B2E6DB29}.Debug|x86.Build.0 = Debug|x86
		{A97EFBEB-FB81-4BCD-AD4A-A871B2E6DB29}.Release|Any CPU.ActiveCfg = Release|x86
		{A97EFBEB-FB81-4BCD-AD4A-A871B2E6DB29}.Release|Mixed Platforms.ActiveCfg = Release|x86
		{A97EFBEB-FB81-4BCD-AD4A-A871B2E6DB29}.Release|Mixed Platforms.Build.0 = Release|x86
		{A97EFBEB-FB81-4BCD-AD4A-A871B2E6DB29}.Release|x86.ActiveCfg = Release|x86
		{A97EFBEB-FB81-4BCD-AD4A-A871B2E6DB29}.Release|x86.Build.0 = Release|x86
		{31A539E9-9554-4DE8-8502-9205AFE8173D}.Debug|Any CPU.ActiveCfg = Debug|Any CPU
		{31A539E9-9554-4DE8-8502-9205AFE8173D}.Debug|Any CPU.Build.0 = Debug|Any CPU
		{31A539E9-9554-4DE8-8502-9205AFE8173D}.Debug|Mixed Platforms.ActiveCfg = Debug|Any CPU
		{31A539E9-9554-4DE8-8502-9205AFE8173D}.Debug|Mixed Platforms.Build.0 = Debug|Any CPU
		{31A539E9-9554-4DE8-8502-9205AFE8173D}.Debug|x86.ActiveCfg = Debug|Any CPU
		{31A539E9-9554-4DE8-8502-9205AFE8173D}.Release|Any CPU.ActiveCfg = Release|Any CPU
		{31A539E9-9554-4DE8-8502-9205AFE8173D}.Release|Any CPU.Build.0 = Release|Any CPU
		{31A539E9-9554-4DE8-8502-9205AFE8173D}.Release|Mixed Platforms.ActiveCfg = Release|Any CPU
		{31A539E9-9554-4DE8-8502-9205AFE8173D}.Release|Mixed Platforms.Build.0 = Release|Any CPU
		{31A539E9-9554-4DE8-8502-9205AFE8173D}.Release|x86.ActiveCfg = Release|Any CPU
		{06D04409-3BDD-42FF-8EF2-FA76BF9F7DAD}.Debug|Any CPU.ActiveCfg = Debug|Any CPU
		{06D04409-3BDD-42FF-8EF2-FA76BF9F7DAD}.Debug|Any CPU.Build.0 = Debug|Any CPU
		{06D04409-3BDD-42FF-8EF2-FA76BF9F7DAD}.Debug|Mixed Platforms.ActiveCfg = Debug|Any CPU
		{06D04409-3BDD-42FF-8EF2-FA76BF9F7DAD}.Debug|Mixed Platforms.Build.0 = Debug|Any CPU
		{06D04409-3BDD-42FF-8EF2-FA76BF9F7DAD}.Debug|x86.ActiveCfg = Debug|Any CPU
		{06D04409-3BDD-42FF-8EF2-FA76BF9F7DAD}.Release|Any CPU.ActiveCfg = Release|Any CPU
		{06D04409-3BDD-42FF-8EF2-FA76BF9F7DAD}.Release|Any CPU.Build.0 = Release|Any CPU
		{06D04409-3BDD-42FF-8EF2-FA76BF9F7DAD}.Release|Mixed Platforms.ActiveCfg = Release|Any CPU
		{06D04409-3BDD-42FF-8EF2-FA76BF9F7DAD}.Release|Mixed Platforms.Build.0 = Release|Any CPU
		{06D04409-3BDD-42FF-8EF2-FA76BF9F7DAD}.Release|x86.ActiveCfg = Release|Any CPU
	EndGlobalSection
	GlobalSection(SolutionProperties) = preSolution
		HideSolutionNode = FALSE
	EndGlobalSection
EndGlobal
