
Microsoft Visual Studio Solution File, Format Version 12.00
# Visual Studio 15
VisualStudioVersion = 15.0.28307.168
MinimumVisualStudioVersion = 10.0.40219.1
Project("{FAE04EC0-301F-11D3-BF4B-00C04F79EFBC}") = "TestRx", "TestRx\TestRx.csproj", "{845D2FD6-CB9C-4E19-8B7C-17D3709402EF}"
EndProject
Project("{FAE04EC0-301F-11D3-BF4B-00C04F79EFBC}") = "TestRx.Client", "TestRx.Client\TestRx.Client.csproj", "{8CC58F0F-E830-459F-91C7-B8A049160E13}"
EndProject
Global
	GlobalSection(SolutionConfigurationPlatforms) = preSolution
		Debug|Any CPU = Debug|Any CPU
		Release|Any CPU = Release|Any CPU
	EndGlobalSection
	GlobalSection(ProjectConfigurationPlatforms) = postSolution
		{845D2FD6-CB9C-4E19-8B7C-17D3709402EF}.Debug|Any CPU.ActiveCfg = Debug|Any CPU
		{845D2FD6-CB9C-4E19-8B7C-17D3709402EF}.Debug|Any CPU.Build.0 = Debug|Any CPU
		{845D2FD6-CB9C-4E19-8B7C-17D3709402EF}.Release|Any CPU.ActiveCfg = Release|Any CPU
		{845D2FD6-CB9C-4E19-8B7C-17D3709402EF}.Release|Any CPU.Build.0 = Release|Any CPU
		{8CC58F0F-E830-459F-91C7-B8A049160E13}.Debug|Any CPU.ActiveCfg = Debug|Any CPU
		{8CC58F0F-E830-459F-91C7-B8A049160E13}.Debug|Any CPU.Build.0 = Debug|Any CPU
		{8CC58F0F-E830-459F-91C7-B8A049160E13}.Release|Any CPU.ActiveCfg = Release|Any CPU
		{8CC58F0F-E830-459F-91C7-B8A049160E13}.Release|Any CPU.Build.0 = Release|Any CPU
	EndGlobalSection
	GlobalSection(SolutionProperties) = preSolution
		HideSolutionNode = FALSE
	EndGlobalSection
	GlobalSection(ExtensibilityGlobals) = postSolution
		SolutionGuid = {FC1B2B3D-F6B9-46DB-BA6D-B47C16B5B6CF}
	EndGlobalSection
EndGlobal
