
Microsoft Visual Studio Solution File, Format Version 11.00
# Visual Studio 2010
Project("{FAE04EC0-301F-11D3-BF4B-00C04F79EFBC}") = "SMSSReplaceParamsAddin", "SMSSReplaceParamsAddin\SMSSReplaceParamsAddin.csproj", "{A753EC26-156D-4784-A186-937BA11E8431}"
EndProject
Global
	GlobalSection(SolutionConfigurationPlatforms) = preSolution
		Debug|Any CPU = Debug|Any CPU
		Release|Any CPU = Release|Any CPU
	EndGlobalSection
	GlobalSection(ProjectConfigurationPlatforms) = postSolution
		{A753EC26-156D-4784-A186-937BA11E8431}.Debug|Any CPU.ActiveCfg = Debug|Any CPU
		{A753EC26-156D-4784-A186-937BA11E8431}.Debug|Any CPU.Build.0 = Debug|Any CPU
		{A753EC26-156D-4784-A186-937BA11E8431}.Release|Any CPU.ActiveCfg = Release|Any CPU
		{A753EC26-156D-4784-A186-937BA11E8431}.Release|Any CPU.Build.0 = Release|Any CPU
	EndGlobalSection
	GlobalSection(SolutionProperties) = preSolution
		HideSolutionNode = FALSE
	EndGlobalSection
EndGlobal
